
Microsoft Visual Studio Solution File, Format Version 12.00
# Visual Studio 15
Project("{FAE04EC0-301F-11D3-BF4B-00C04F79EFBC}") = "VuforiaScripts", "VuforiaScripts.csproj", "{1F405537-3CF6-85D2-0212-DE00EBE34347}"
EndProject
Project("{FAE04EC0-301F-11D3-BF4B-00C04F79EFBC}") = "Assembly-CSharp", "Assembly-CSharp.csproj", "{595D0EED-EAC0-3AD1-82C9-328922593B3B}"
EndProject
Project("{FAE04EC0-301F-11D3-BF4B-00C04F79EFBC}") = "VuforiaEditorScripts", "VuforiaEditorScripts.csproj", "{61147CD8-5E13-A170-A518-333E88959B9C}"
EndProject
Global
	GlobalSection(SolutionConfigurationPlatforms) = preSolution
		Debug|Any CPU = Debug|Any CPU
		Release|Any CPU = Release|Any CPU
	EndGlobalSection
	GlobalSection(ProjectConfigurationPlatforms) = postSolution
		{1F405537-3CF6-85D2-0212-DE00EBE34347}.Debug|Any CPU.ActiveCfg = Debug|Any CPU
		{1F405537-3CF6-85D2-0212-DE00EBE34347}.Debug|Any CPU.Build.0 = Debug|Any CPU
		{1F405537-3CF6-85D2-0212-DE00EBE34347}.Release|Any CPU.ActiveCfg = Release|Any CPU
		{1F405537-3CF6-85D2-0212-DE00EBE34347}.Release|Any CPU.Build.0 = Release|Any CPU
		{595D0EED-EAC0-3AD1-82C9-328922593B3B}.Debug|Any CPU.ActiveCfg = Debug|Any CPU
		{595D0EED-EAC0-3AD1-82C9-328922593B3B}.Debug|Any CPU.Build.0 = Debug|Any CPU
		{595D0EED-EAC0-3AD1-82C9-328922593B3B}.Release|Any CPU.ActiveCfg = Release|Any CPU
		{595D0EED-EAC0-3AD1-82C9-328922593B3B}.Release|Any CPU.Build.0 = Release|Any CPU
		{61147CD8-5E13-A170-A518-333E88959B9C}.Debug|Any CPU.ActiveCfg = Debug|Any CPU
		{61147CD8-5E13-A170-A518-333E88959B9C}.Debug|Any CPU.Build.0 = Debug|Any CPU
		{61147CD8-5E13-A170-A518-333E88959B9C}.Release|Any CPU.ActiveCfg = Release|Any CPU
		{61147CD8-5E13-A170-A518-333E88959B9C}.Release|Any CPU.Build.0 = Release|Any CPU
	EndGlobalSection
	GlobalSection(SolutionProperties) = preSolution
		HideSolutionNode = FALSE
	EndGlobalSection
EndGlobal
